{
  "name": "static",
  "version": "1.0.0",
  "lockfileVersion": 1,
  "requires": true,
  "dependencies": {
    "accoutrement-color": {
      "version": "2.3.1",
      "resolved": "https://registry.npmjs.org/accoutrement-color/-/accoutrement-color-2.3.1.tgz",
      "integrity": "sha512-vQCzQq6XSN5hCOze/IZR9qHF4gIX8TUQoVFGWuRDby+1t+9LgXZ0W3oeuskzKkr+jo3/Gqqo+8xjp3kUEEV49A=="
    },
    "clappr": {
      "version": "0.2.92",
      "resolved": "https://registry.npmjs.org/clappr/-/clappr-0.2.92.tgz",
      "integrity": "sha512-HEeK9BIHhCRcgTGegMSgIrvD5cY8GSRCkSEEZbYoU7xRzka28DQHkuqu/7P6EQ1kbPf+j9TYSQbVVaTPiS0YXA=="
    },
    "dash-shaka-playback": {
      "version": "2.2.5",
      "resolved": "https://registry.npmjs.org/dash-shaka-playback/-/dash-shaka-playback-2.2.5.tgz",
      "integrity": "sha512-ade64ihW6McPJUst1P1Oc0ScWzvJKVBpB3Uk2o9IcNiWpUs49am3CFoXlH/Jl8PUHaN/uooODPErhb1QA0wf3Q=="
    },
    "fine-uploader": {
      "version": "5.16.2",
      "resolved": "https://registry.npmjs.org/fine-uploader/-/fine-uploader-5.16.2.tgz",
      "integrity": "sha1-DYeNoc0nU/gGg6wJHfXa/5/7jEQ="
    },
    "inuit-flexgrid": {
      "version": "0.4.0",
      "resolved": "https://registry.npmjs.org/inuit-flexgrid/-/inuit-flexgrid-0.4.0.tgz",
      "integrity": "sha512-+77taCh5aXkqQIIYqKs4D+aCKX+/RZnefxDO7zFArOIO8ICPXNRdcVQvSdG2OMVeXF/q5jlrMwQEOXZ7peKihA=="
    },
    "inuitcss": {
      "version": "6.0.0",
      "resolved": "https://registry.npmjs.org/inuitcss/-/inuitcss-6.0.0.tgz",
      "integrity": "sha512-FnyXNy2WSzSli4INmgtrsFwkzDljabK583AoC7KZutB6m8bVrAzjZ7jadro4N4RcqQRpMlW88NwgHIWgD7CDrg==",
      "requires": {
        "sass-mq": "3.3.2"
      },
      "dependencies": {
        "sass-mq": {
          "version": "3.3.2",
          "resolved": "https://registry.npmjs.org/sass-mq/-/sass-mq-3.3.2.tgz",
          "integrity": "sha1-NHLgTDGkMrzVWztgTtxyrppN7xo="
        }
      }
    },
    "jquery": {
      "version": "2.2.4",
      "resolved": "https://registry.npmjs.org/jquery/-/jquery-2.2.4.tgz",
      "integrity": "sha1-LInWiJterFIqfuoywUUhVZxsvwI="
    },
    "lodash": {
      "version": "4.17.10",
      "resolved": "https://registry.npmjs.org/lodash/-/lodash-4.17.10.tgz",
      "integrity": "sha512-UejweD1pDoXu+AD825lWwp4ZGtSwgnpZxb3JDViD7StjQz+Nb/6l093lx4OQ0foGWNRoc19mWy7BzL+UAK2iVg=="
    },
    "sass-mq": {
      "version": "4.0.2",
      "resolved": "https://registry.npmjs.org/sass-mq/-/sass-mq-4.0.2.tgz",
      "integrity": "sha512-5jKlhuJvGVQpQ6Ogq9k+VWoK9HeNfaLSpDToNxHDmMS5wtaK/NWS+c3XXq8VrKTK874Hrh3m5sYij56lhZrvnw=="
    },
    "semantic-ui-css": {
      "version": "2.3.1",
      "resolved": "https://registry.npmjs.org/semantic-ui-css/-/semantic-ui-css-2.3.1.tgz",
      "integrity": "sha512-8M2OkoKZHfEnNUYB4Ha8q+tTAWN/g17X2l6HUg6n3DP4QDJLQl1xyhnRvM9UhJpsRvkRqgWgQLbRA6cl7Ep2dw==",
      "requires": {
        "jquery": "2.2.4"
      }
    }
  }
}
