{
  "name": "static",
  "version": "1.0.0",
  "lockfileVersion": 1,
  "requires": true,
  "dependencies": {
    "accoutrement-color": {
      "version": "2.2.2",
      "resolved": "https://registry.npmjs.org/accoutrement-color/-/accoutrement-color-2.2.2.tgz",
      "integrity": "sha512-71hCWQDIGSdimstVo+SxieszsnG3zxQw+df1q0qWyabaE0CvgOjG5L3eOS+zHlimuiYqTlL5RS6/A1cOIet8eQ=="
    },
    "clappr": {
      "version": "0.2.86",
      "resolved": "https://registry.npmjs.org/clappr/-/clappr-0.2.86.tgz",
      "integrity": "sha512-txGZhSbKZI02+ASZL136qQE7+kv8kIO9WNh/ZfeTHZWFPTL7sRInQNlqAnMGFt0FW7+++P579vjJwoZ/+OGsAw=="
    },
    "dash-shaka-playback": {
      "version": "2.2.1",
      "resolved": "https://registry.npmjs.org/dash-shaka-playback/-/dash-shaka-playback-2.2.1.tgz",
      "integrity": "sha512-F0ccQ4YizuBFmcfkLMqiFYkddsG1nedhF2RaB5aMeB1+KKjgOmpq+CrOkAcJ54nAiJmTLbrG74bZcMMtVjAORg=="
    },
    "fine-uploader": {
      "version": "5.15.6",
      "resolved": "https://registry.npmjs.org/fine-uploader/-/fine-uploader-5.15.6.tgz",
      "integrity": "sha1-9mmTACikQhCjl4OhRK0Q6hIgKws="
    },
    "inuit-flexgrid": {
      "version": "0.4.0",
      "resolved": "https://registry.npmjs.org/inuit-flexgrid/-/inuit-flexgrid-0.4.0.tgz",
      "integrity": "sha512-+77taCh5aXkqQIIYqKs4D+aCKX+/RZnefxDO7zFArOIO8ICPXNRdcVQvSdG2OMVeXF/q5jlrMwQEOXZ7peKihA=="
    },
    "inuitcss": {
      "version": "6.0.0",
      "resolved": "https://registry.npmjs.org/inuitcss/-/inuitcss-6.0.0.tgz",
      "integrity": "sha512-FnyXNy2WSzSli4INmgtrsFwkzDljabK583AoC7KZutB6m8bVrAzjZ7jadro4N4RcqQRpMlW88NwgHIWgD7CDrg==",
      "requires": {
        "sass-mq": "3.3.2"
      },
      "dependencies": {
        "sass-mq": {
          "version": "3.3.2",
          "resolved": "https://registry.npmjs.org/sass-mq/-/sass-mq-3.3.2.tgz",
          "integrity": "sha1-NHLgTDGkMrzVWztgTtxyrppN7xo="
        }
      }
    },
    "jquery": {
      "version": "2.2.4",
      "resolved": "https://registry.npmjs.org/jquery/-/jquery-2.2.4.tgz",
      "integrity": "sha1-LInWiJterFIqfuoywUUhVZxsvwI="
    },
    "lodash": {
      "version": "4.17.5",
      "resolved": "https://registry.npmjs.org/lodash/-/lodash-4.17.5.tgz",
      "integrity": "sha512-svL3uiZf1RwhH+cWrfZn3A4+U58wbP0tGVTLQPbjplZxZ8ROD9VLuNgsRniTlLe7OlSqR79RUehXgpBW/s0IQw=="
    },
    "sass-mq": {
      "version": "4.0.2",
      "resolved": "https://registry.npmjs.org/sass-mq/-/sass-mq-4.0.2.tgz",
      "integrity": "sha512-5jKlhuJvGVQpQ6Ogq9k+VWoK9HeNfaLSpDToNxHDmMS5wtaK/NWS+c3XXq8VrKTK874Hrh3m5sYij56lhZrvnw=="
    },
    "semantic-ui-css": {
      "version": "2.3.0",
      "resolved": "https://registry.npmjs.org/semantic-ui-css/-/semantic-ui-css-2.3.0.tgz",
      "integrity": "sha512-f76LAKVyIJGBPJlEP3q2NHrnJVMoiBUw5gLyeWhsXyboK7gKlzAbdK1ytr8/jV++GfmpyC3hFrMCdSNBfFF+ag==",
      "requires": {
        "jquery": "2.2.4"
      }
    }
  }
}
